
Microsoft Visual Studio Solution File, Format Version 12.00
# Visual Studio Version 16
VisualStudioVersion = 16.0.31729.503
MinimumVisualStudioVersion = 10.0.40219.1
Project("{FAE04EC0-301F-11D3-BF4B-00C04F79EFBC}") = "ProiectEGC_Flutur_Daniel_Ioan_3132A", "ProiectEGC_Flutur_Danniel_Ioan_3132A\ProiectEGC_Flutur_Daniel_Ioan_3132A.csproj", "{51EE5B8B-4000-458E-9B75-027012245C29}"
EndProject
Global
	GlobalSection(SolutionConfigurationPlatforms) = preSolution
		Debug|Any CPU = Debug|Any CPU
		Release|Any CPU = Release|Any CPU
	EndGlobalSection
	GlobalSection(ProjectConfigurationPlatforms) = postSolution
		{51EE5B8B-4000-458E-9B75-027012245C29}.Debug|Any CPU.ActiveCfg = Debug|Any CPU
		{51EE5B8B-4000-458E-9B75-027012245C29}.Debug|Any CPU.Build.0 = Debug|Any CPU
		{51EE5B8B-4000-458E-9B75-027012245C29}.Release|Any CPU.ActiveCfg = Release|Any CPU
		{51EE5B8B-4000-458E-9B75-027012245C29}.Release|Any CPU.Build.0 = Release|Any CPU
	EndGlobalSection
	GlobalSection(SolutionProperties) = preSolution
		HideSolutionNode = FALSE
	EndGlobalSection
	GlobalSection(ExtensibilityGlobals) = postSolution
		SolutionGuid = {7D33ADD3-F5C1-40B9-AD0F-8AD39C5BEFF5}
	EndGlobalSection
EndGlobal
